{
  "name": "beyondmetric-firefox",
  "version": "1.0.0",
  "lockfileVersion": 2,
  "requires": true,
  "packages": {
    "": {
      "name": "beyondmetric-firefox",
      "version": "1.0.0",
      "license": "MIT",
      "dependencies": {
        "jsmin": "^1.0.1",
        "typescript": "^3.9.3"
      },
      "devDependencies": {
        "@types/firefox-webext-browser": "^82.0.1"
      }
    },
    "node_modules/@types/firefox-webext-browser": {
      "version": "82.0.1",
      "resolved": "https://registry.npmjs.org/@types/firefox-webext-browser/-/firefox-webext-browser-82.0.1.tgz",
      "integrity": "sha512-odcPKiJ34N8k53clIWen3hLvl09ja7SQ9NqtUbgmqeJ/a/ZRQiF665iXSFPcnl6cBn2XQgEg2lsUUApYNiyj+g==",
      "dev": true
    },
    "node_modules/jsmin": {
      "version": "1.0.1",
      "resolved": "https://registry.npmjs.org/jsmin/-/jsmin-1.0.1.tgz",
      "integrity": "sha1-570NzWSWw79IYyNb9GGj2YqjuYw=",
      "bin": {
        "jsmin": "bin/jsmin"
      },
      "engines": {
        "node": ">=0.1.93"
      }
    },
    "node_modules/typescript": {
      "version": "3.9.3",
      "resolved": "https://registry.npmjs.org/typescript/-/typescript-3.9.3.tgz",
      "integrity": "sha512-D/wqnB2xzNFIcoBG9FG8cXRDjiqSTbG2wd8DMZeQyJlP1vfTkIxH4GKveWaEBYySKIg+USu+E+EDIR47SqnaMQ==",
      "bin": {
        "tsc": "bin/tsc",
        "tsserver": "bin/tsserver"
      },
      "engines": {
        "node": ">=4.2.0"
      }
    }
  },
  "dependencies": {
    "@types/firefox-webext-browser": {
      "version": "82.0.1",
      "resolved": "https://registry.npmjs.org/@types/firefox-webext-browser/-/firefox-webext-browser-82.0.1.tgz",
      "integrity": "sha512-odcPKiJ34N8k53clIWen3hLvl09ja7SQ9NqtUbgmqeJ/a/ZRQiF665iXSFPcnl6cBn2XQgEg2lsUUApYNiyj+g==",
      "dev": true
    },
    "jsmin": {
      "version": "1.0.1",
      "resolved": "https://registry.npmjs.org/jsmin/-/jsmin-1.0.1.tgz",
      "integrity": "sha1-570NzWSWw79IYyNb9GGj2YqjuYw="
    },
    "typescript": {
      "version": "3.9.3",
      "resolved": "https://registry.npmjs.org/typescript/-/typescript-3.9.3.tgz",
      "integrity": "sha512-D/wqnB2xzNFIcoBG9FG8cXRDjiqSTbG2wd8DMZeQyJlP1vfTkIxH4GKveWaEBYySKIg+USu+E+EDIR47SqnaMQ=="
    }
  }
}
